{
  "name": "@hit/feature-pack-ai-assistant",
  "version": "1.0.11",
  "lockfileVersion": 3,
  "requires": true,
  "packages": {
    "": {
      "name": "@hit/feature-pack-ai-assistant",
      "version": "1.0.11",
      "license": "MIT",
      "devDependencies": {
        "@hit/ui-kit": "file:../hit-ui-kit",
        "@types/react": "^18.0.0",
        "@types/react-dom": "^18.0.0",
        "typescript": "^5.0.0"
      },
      "peerDependencies": {
        "@hit/ui-kit": "*",
        "react": "^18.0.0 || ^19.0.0",
        "react-dom": "^18.0.0 || ^19.0.0"
      }
    },
    "../hit-ui-kit": {
      "name": "@hit/ui-kit",
      "version": "1.0.11",
      "dev": true,
      "license": "MIT",
      "devDependencies": {
        "@tanstack/react-table": "^8.0.0",
        "@types/react": "^18.0.0",
        "lucide-react": "^0.460.0",
        "typescript": "^5.0.0"
      },
      "peerDependencies": {
        "@tanstack/react-table": "^8.0.0",
        "react": "^18.0.0 || ^19.0.0"
      }
    },
    "../hit-ui-kit/node_modules/@tanstack/react-table": {
      "version": "8.21.3",
      "dev": true,
      "license": "MIT",
      "dependencies": {
        "@tanstack/table-core": "8.21.3"
      },
      "engines": {
        "node": ">=12"
      },
      "funding": {
        "type": "github",
        "url": "https://github.com/sponsors/tannerlinsley"
      },
      "peerDependencies": {
        "react": ">=16.8",
        "react-dom": ">=16.8"
      }
    },
    "../hit-ui-kit/node_modules/@tanstack/table-core": {
      "version": "8.21.3",
      "dev": true,
      "license": "MIT",
      "engines": {
        "node": ">=12"
      },
      "funding": {
        "type": "github",
        "url": "https://github.com/sponsors/tannerlinsley"
      }
    },
    "../hit-ui-kit/node_modules/@types/prop-types": {
      "version": "15.7.15",
      "dev": true,
      "license": "MIT"
    },
    "../hit-ui-kit/node_modules/@types/react": {
      "version": "18.3.27",
      "dev": true,
      "license": "MIT",
      "dependencies": {
        "@types/prop-types": "*",
        "csstype": "^3.2.2"
      }
    },
    "../hit-ui-kit/node_modules/csstype": {
      "version": "3.2.3",
      "dev": true,
      "license": "MIT"
    },
    "../hit-ui-kit/node_modules/lucide-react": {
      "version": "0.460.0",
      "dev": true,
      "license": "ISC",
      "peerDependencies": {
        "react": "^16.5.1 || ^17.0.0 || ^18.0.0 || ^19.0.0-rc"
      }
    },
    "../hit-ui-kit/node_modules/typescript": {
      "version": "5.9.3",
      "dev": true,
      "license": "Apache-2.0",
      "bin": {
        "tsc": "bin/tsc",
        "tsserver": "bin/tsserver"
      },
      "engines": {
        "node": ">=14.17"
      }
    },
    "node_modules/@hit/ui-kit": {
      "resolved": "../hit-ui-kit",
      "link": true
    },
    "node_modules/@types/prop-types": {
      "version": "15.7.15",
      "dev": true,
      "license": "MIT"
    },
    "node_modules/@types/react": {
      "version": "18.3.27",
      "dev": true,
      "license": "MIT",
      "dependencies": {
        "@types/prop-types": "*",
        "csstype": "^3.2.2"
      }
    },
    "node_modules/@types/react-dom": {
      "version": "18.3.7",
      "dev": true,
      "license": "MIT",
      "peerDependencies": {
        "@types/react": "^18.0.0"
      }
    },
    "node_modules/csstype": {
      "version": "3.2.3",
      "dev": true,
      "license": "MIT"
    },
    "node_modules/typescript": {
      "version": "5.9.3",
      "dev": true,
      "license": "Apache-2.0",
      "bin": {
        "tsc": "bin/tsc",
        "tsserver": "bin/tsserver"
      },
      "engines": {
        "node": ">=14.17"
      }
    }
  }
}
